
Microsoft Visual Studio Solution File, Format Version 12.00
# Visual Studio Version 16
VisualStudioVersion = 16.0.33130.400
MinimumVisualStudioVersion = 10.0.40219.1
Project("{FAE04EC0-301F-11D3-BF4B-00C04F79EFBC}") = "Library System Manajment", "Library_System_Manajment\Library System Manajment.csproj", "{9AFE12E4-38D6-4CA3-9AA4-FBC0B10FC1D5}"
EndProject
Project("{2150E333-8FDC-42A3-9474-1A3956D46DE8}") = "Solution Items", "Solution Items", "{B0390DC0-B9A5-440B-86A0-4F6FE4741C81}"
	ProjectSection(SolutionItems) = preProject
		.editorconfig = .editorconfig
	EndProjectSection
EndProject
Global
	GlobalSection(SolutionConfigurationPlatforms) = preSolution
		Debug|Any CPU = Debug|Any CPU
		Release|Any CPU = Release|Any CPU
	EndGlobalSection
	GlobalSection(ProjectConfigurationPlatforms) = postSolution
		{9AFE12E4-38D6-4CA3-9AA4-FBC0B10FC1D5}.Debug|Any CPU.ActiveCfg = Debug|Any CPU
		{9AFE12E4-38D6-4CA3-9AA4-FBC0B10FC1D5}.Debug|Any CPU.Build.0 = Debug|Any CPU
		{9AFE12E4-38D6-4CA3-9AA4-FBC0B10FC1D5}.Release|Any CPU.ActiveCfg = Release|Any CPU
		{9AFE12E4-38D6-4CA3-9AA4-FBC0B10FC1D5}.Release|Any CPU.Build.0 = Release|Any CPU
	EndGlobalSection
	GlobalSection(SolutionProperties) = preSolution
		HideSolutionNode = FALSE
	EndGlobalSection
	GlobalSection(ExtensibilityGlobals) = postSolution
		SolutionGuid = {DD11272B-508E-4BB7-94B6-B15D5ADB2E3B}
	EndGlobalSection
EndGlobal
